
Microsoft Visual Studio Solution File, Format Version 12.00
# Visual Studio Version 16
VisualStudioVersion = 16.0.29709.97
MinimumVisualStudioVersion = 10.0.40219.1
Project("{9A19103F-16F7-4668-BE54-9A1E7A4F7556}") = "ParseLib", "ParseLib\ParseLib.csproj", "{3C7C6A2C-529E-401F-BADC-3739AC6D53DA}"
EndProject
Project("{9A19103F-16F7-4668-BE54-9A1E7A4F7556}") = "ParseLib.Tests", "ParseLib.Tests\ParseLib.Tests.csproj", "{BDA3572D-F8AF-4724-8CC8-CA4C646CB4B6}"
EndProject
Global
	GlobalSection(SolutionConfigurationPlatforms) = preSolution
		Debug|Any CPU = Debug|Any CPU
		Release|Any CPU = Release|Any CPU
	EndGlobalSection
	GlobalSection(ProjectConfigurationPlatforms) = postSolution
		{3C7C6A2C-529E-401F-BADC-3739AC6D53DA}.Debug|Any CPU.ActiveCfg = Debug|Any CPU
		{3C7C6A2C-529E-401F-BADC-3739AC6D53DA}.Debug|Any CPU.Build.0 = Debug|Any CPU
		{3C7C6A2C-529E-401F-BADC-3739AC6D53DA}.Release|Any CPU.ActiveCfg = Release|Any CPU
		{3C7C6A2C-529E-401F-BADC-3739AC6D53DA}.Release|Any CPU.Build.0 = Release|Any CPU
		{BDA3572D-F8AF-4724-8CC8-CA4C646CB4B6}.Debug|Any CPU.ActiveCfg = Debug|Any CPU
		{BDA3572D-F8AF-4724-8CC8-CA4C646CB4B6}.Debug|Any CPU.Build.0 = Debug|Any CPU
		{BDA3572D-F8AF-4724-8CC8-CA4C646CB4B6}.Release|Any CPU.ActiveCfg = Release|Any CPU
		{BDA3572D-F8AF-4724-8CC8-CA4C646CB4B6}.Release|Any CPU.Build.0 = Release|Any CPU
	EndGlobalSection
	GlobalSection(SolutionProperties) = preSolution
		HideSolutionNode = FALSE
	EndGlobalSection
	GlobalSection(ExtensibilityGlobals) = postSolution
		SolutionGuid = {0876D315-F618-445F-B981-4D8C0334DD39}
	EndGlobalSection
EndGlobal
